
Microsoft Visual Studio Solution File, Format Version 12.00
# Visual Studio Version 17
VisualStudioVersion = 17.12.35527.113
MinimumVisualStudioVersion = 10.0.40219.1
Project("{F2A71F9B-5D33-465A-A702-920D77279786}") = "przyklad", "przyklad.fsproj", "{5AC88A84-1EBC-4978-8250-9F6621CC5EA1}"
EndProject
Project("{F2A71F9B-5D33-465A-A702-920D77279786}") = "zadania", "..\zadania\zadania.fsproj", "{10B3CCFF-AF21-4CF7-A5A3-643219954315}"
EndProject
Global
	GlobalSection(SolutionConfigurationPlatforms) = preSolution
		Debug|Any CPU = Debug|Any CPU
		Release|Any CPU = Release|Any CPU
	EndGlobalSection
	GlobalSection(ProjectConfigurationPlatforms) = postSolution
		{5AC88A84-1EBC-4978-8250-9F6621CC5EA1}.Debug|Any CPU.ActiveCfg = Debug|Any CPU
		{5AC88A84-1EBC-4978-8250-9F6621CC5EA1}.Debug|Any CPU.Build.0 = Debug|Any CPU
		{5AC88A84-1EBC-4978-8250-9F6621CC5EA1}.Release|Any CPU.ActiveCfg = Release|Any CPU
		{5AC88A84-1EBC-4978-8250-9F6621CC5EA1}.Release|Any CPU.Build.0 = Release|Any CPU
		{10B3CCFF-AF21-4CF7-A5A3-643219954315}.Debug|Any CPU.ActiveCfg = Debug|Any CPU
		{10B3CCFF-AF21-4CF7-A5A3-643219954315}.Debug|Any CPU.Build.0 = Debug|Any CPU
		{10B3CCFF-AF21-4CF7-A5A3-643219954315}.Release|Any CPU.ActiveCfg = Release|Any CPU
		{10B3CCFF-AF21-4CF7-A5A3-643219954315}.Release|Any CPU.Build.0 = Release|Any CPU
	EndGlobalSection
	GlobalSection(SolutionProperties) = preSolution
		HideSolutionNode = FALSE
	EndGlobalSection
EndGlobal
